<?xml version="1.0" encoding="utf-8"?>
<Project ToolsVersion="4.0" xmlns="http://schemas.microsoft.com/developer/msbuild/2003">
  <ItemGroup>
    <Filter Include="MainGame">
      <UniqueIdentifier>{cb6807f4-0fdf-47de-b7e8-4546acbe35ae}</UniqueIdentifier>
    </Filter>
    <Filter Include="2D Framework">
      <UniqueIdentifier>{18f2c5ba-c6f2-4ac2-a4b6-7d870f746713}</UniqueIdentifier>
    </Filter>
    <Filter Include="2D Framework\Timer">
      <UniqueIdentifier>{30f93bd0-8426-46a5-8a65-4d84027ae64f}</UniqueIdentifier>
    </Filter>
    <Filter Include="MainGame\Scene">
      <UniqueIdentifier>{2aa412d2-4978-4c25-a9b6-6350d3230228}</UniqueIdentifier>
    </Filter>
    <Filter Include="2D Framework\UI">
      <UniqueIdentifier>{72cc197e-0045-44af-bec1-dec30e3e6fb9}</UniqueIdentifier>
    </Filter>
    <Filter Include="2D Framework\UI\Button">
      <UniqueIdentifier>{57de70b7-daba-4081-817d-3bfdbbe06bf9}</UniqueIdentifier>
    </Filter>
    <Filter Include="MainGame\Scene\Stage">
      <UniqueIdentifier>{00f3f47f-8a77-41ce-8423-36a01932917f}</UniqueIdentifier>
    </Filter>
    <Filter Include="MainGame\Scene\Loading">
      <UniqueIdentifier>{5c725023-6250-4166-9fed-4d117f5c0ba0}</UniqueIdentifier>
    </Filter>
    <Filter Include="MainGame\Scene\MapTool">
      <UniqueIdentifier>{bf9b394b-8117-4385-a5ba-b41b63472dc2}</UniqueIdentifier>
    </Filter>
    <Filter Include="2D Framework\GameObject">
      <UniqueIdentifier>{28a1538a-eb93-42d8-918f-a2f2f0cc4fba}</UniqueIdentifier>
    </Filter>
    <Filter Include="2D Framework\Image">
      <UniqueIdentifier>{1dff67e1-9f0d-4f8c-afed-f8aa16ce777a}</UniqueIdentifier>
    </Filter>
    <Filter Include="2D Framework\Key">
      <UniqueIdentifier>{1644e0b4-e8aa-437b-ab35-9fc602d05b49}</UniqueIdentifier>
    </Filter>
    <Filter Include="2D Framework\Scene">
      <UniqueIdentifier>{a14788bf-69ab-407e-9e86-02121340789c}</UniqueIdentifier>
    </Filter>
    <Filter Include="2D Framework\Render">
      <UniqueIdentifier>{f21ffb61-77e7-4f9c-b9ca-ced2877b8dd4}</UniqueIdentifier>
    </Filter>
    <Filter Include="MainGame\TaeKyung">
      <UniqueIdentifier>{fd09d738-4cb6-47b1-b1df-55c4e6aa7882}</UniqueIdentifier>
    </Filter>
    <Filter Include="MainGame\Background">
      <UniqueIdentifier>{f380bcf8-a500-49c3-8def-d1dddfd89b01}</UniqueIdentifier>
    </Filter>
    <Filter Include="2D Framework\Collision">
      <UniqueIdentifier>{50ce7b2f-f572-4103-8a24-b89239e17a19}</UniqueIdentifier>
    </Filter>
    <Filter Include="2D Framework\Scroll">
      <UniqueIdentifier>{5f66ebc6-4ec4-46aa-a47b-4cde0040c072}</UniqueIdentifier>
    </Filter>
    <Filter Include="2D Framework\Sound">
      <UniqueIdentifier>{0e234c14-df1c-4e3b-bb83-56165c15969d}</UniqueIdentifier>
    </Filter>
    <Filter Include="2D Framework\Effect">
      <UniqueIdentifier>{2b625007-47e7-4e24-9fc3-1f9c0787904b}</UniqueIdentifier>
    </Filter>
    <Filter Include="2D Framework\Effect\ScreenEffect">
      <UniqueIdentifier>{c7ece43c-ca1e-4ca8-afe3-80261e73f95d}</UniqueIdentifier>
    </Filter>
    <Filter Include="2D Framework\SnapShot">
      <UniqueIdentifier>{1bbfb6bb-a331-4e57-b1bf-1a646d9f8592}</UniqueIdentifier>
    </Filter>
    <Filter Include="2D Framework\Controller">
      <UniqueIdentifier>{a62a437a-180b-43db-b884-1bde5bf2c255}</UniqueIdentifier>
    </Filter>
    <Filter Include="2D Framework\Input">
      <UniqueIdentifier>{7d420ba9-92ba-4b2f-add5-2bd55b1b51ce}</UniqueIdentifier>
    </Filter>
    <Filter Include="2D Framework\Line">
      <UniqueIdentifier>{f39efb4f-a4e9-4627-814f-b3e10cf12fe6}</UniqueIdentifier>
    </Filter>
    <Filter Include="2D Framework\ImGui">
      <UniqueIdentifier>{3c3ae8f6-0f64-4e0b-8e44-277c99651ee5}</UniqueIdentifier>
    </Filter>
    <Filter Include="2D Framework\ImGui\Default">
      <UniqueIdentifier>{08774835-78b2-490b-94db-bf5b0378d6a4}</UniqueIdentifier>
    </Filter>
    <Filter Include="MainGame\Enemy">
      <UniqueIdentifier>{1792171b-278a-4efb-861c-0bdb1f260fe0}</UniqueIdentifier>
    </Filter>
    <Filter Include="MainGame\Enemy\HeadHunter">
      <UniqueIdentifier>{fe0577ca-7e7f-4548-9fdc-03206668c8de}</UniqueIdentifier>
    </Filter>
    <Filter Include="MainGame\Enemy\Weapon">
      <UniqueIdentifier>{62b80ae5-2819-4d50-bc64-e14e20f5190c}</UniqueIdentifier>
    </Filter>
    <Filter Include="MainGame\Player">
      <UniqueIdentifier>{df2beb3a-5f89-47c4-b089-2d4e0b67311b}</UniqueIdentifier>
    </Filter>
    <Filter Include="2D Framework\Physics">
      <UniqueIdentifier>{a0d7a5c1-f88b-4dd7-8b76-6bf501ba20ee}</UniqueIdentifier>
    </Filter>
    <Filter Include="MainGame\Enemy\EnemyState">
      <UniqueIdentifier>{4b104575-95f5-4064-a259-f53881f94b3c}</UniqueIdentifier>
    </Filter>
    <Filter Include="MainGame\TaeKyung\Physics">
      <UniqueIdentifier>{5004c959-f2cd-4c81-8fc1-08135054c830}</UniqueIdentifier>
    </Filter>
    <Filter Include="?��?�� ?��?��">
      <UniqueIdentifier>{93995380-89BD-4b04-88EB-625FBE52EBFB}</UniqueIdentifier>
      <Extensions>h;hh;hpp;hxx;h++;hm;inl;inc;ipp;xsd</Extensions>
    </Filter>
    <Filter Include="?��?�� ?��?��">
      <UniqueIdentifier>{4FC737F1-C7A5-4376-A066-2A32D752A2FF}</UniqueIdentifier>
      <Extensions>cpp;c;cc;cxx;c++;cppm;ixx;def;odl;idl;hpj;bat;asm;asmx</Extensions>
    </Filter>
    <Filter Include="리소?�� ?��?��">
      <UniqueIdentifier>{67DA6AB6-F800-4c08-8B7A-83BB121AAD01}</UniqueIdentifier>
      <Extensions>rc;ico;cur;bmp;dlg;rc2;rct;bin;rgs;gif;jpg;jpeg;jpe;resx;tiff;tif;png;wav;mfcribbon-ms</Extensions>
    </Filter>
    <Filter Include="MainGame\Enemy\Enemies">
      <UniqueIdentifier>{debbe255-3626-40ac-9dbb-63151611002d}</UniqueIdentifier>
    </Filter>
    <Filter Include="2D Framework\Observer">
      <UniqueIdentifier>{94692896-9f66-46b8-a9af-6971bfbcf511}</UniqueIdentifier>
    </Filter>
    <Filter Include="MainGame\TaeKyung\Default">
      <UniqueIdentifier>{86dcc670-f5f8-4997-8012-f31385a29e7e}</UniqueIdentifier>
    </Filter>
    <Filter Include="MainGame\Scene\Stage\Test">
      <UniqueIdentifier>{a0bc9861-762c-4f20-9b31-80457a5e7475}</UniqueIdentifier>
    </Filter>
    <Filter Include="2D Framework\Animator">
      <UniqueIdentifier>{ef9585e9-bad7-4c86-97be-f433cce02a05}</UniqueIdentifier>
    </Filter>
    <Filter Include="MainGame\Player\PlayerState">
      <UniqueIdentifier>{668b3759-4f92-469d-83e3-66cbd1c2d9e8}</UniqueIdentifier>
    </Filter>
    <Filter Include="MainGame\Tile">
      <UniqueIdentifier>{aca1fe46-5c92-4772-b68f-5109f8071163}</UniqueIdentifier>
    </Filter>
    <Filter Include="MainGame\Trigger">
      <UniqueIdentifier>{e261302d-168b-450b-8817-aaa4b2183298}</UniqueIdentifier>
    </Filter>
    <Filter Include="MainGame\PickUp">
      <UniqueIdentifier>{61e095e6-9938-45fc-a70d-12ea10a2e797}</UniqueIdentifier>
    </Filter>
    <Filter Include="MainGame\Broken">
      <UniqueIdentifier>{e60765eb-97f9-453c-91ce-db0d28b0742d}</UniqueIdentifier>
    </Filter>
    <Filter Include="MainGame\UI">
      <UniqueIdentifier>{74f66ee5-09ca-4159-8b22-50ce3b0373f0}</UniqueIdentifier>
    </Filter>
    <Filter Include="MainGame\UI\Arrow">
      <UniqueIdentifier>{1bccb178-eb86-4e2c-9031-3d0b84f0f399}</UniqueIdentifier>
    </Filter>
    <Filter Include="MainGame\Scene\Stage\Hidden">
      <UniqueIdentifier>{4628e37a-41c7-400f-85b4-655697eb9bcc}</UniqueIdentifier>
    </Filter>
    <Filter Include="MainGame\Enemy\Hidden">
      <UniqueIdentifier>{6c9a8958-825b-4fcd-a2c9-6f0b77ecb89c}</UniqueIdentifier>
    </Filter>
    <Filter Include="MainGame\Enemy\Hidden\Portal">
      <UniqueIdentifier>{48a833af-25c7-486f-8191-44677bb4fa84}</UniqueIdentifier>
    </Filter>
    <Filter Include="MainGame\Enemy\Hidden\Syringe">
      <UniqueIdentifier>{827639fc-8ec5-4080-ae3e-f46d4574cfb6}</UniqueIdentifier>
    </Filter>
    <Filter Include="MainGame\Enemy\Hidden\Weak">
      <UniqueIdentifier>{65b9da7f-2e56-4e73-8e2e-dd01c300e8ad}</UniqueIdentifier>
    </Filter>
    <Filter Include="MainGame\Jiun">
      <UniqueIdentifier>{2c8dfb3d-cefb-4666-8f59-ce0bdb7b91ac}</UniqueIdentifier>
    </Filter>
  </ItemGroup>
  <ItemGroup>
    <ClCompile Include="Timer.cpp">
      <Filter>2D Framework\Timer</Filter>
    </ClCompile>
    <ClCompile Include="TimerManager.cpp">
      <Filter>2D Framework\Timer</Filter>
    </ClCompile>
    <ClCompile Include="Button.cpp">
      <Filter>2D Framework\UI\Button</Filter>
    </ClCompile>
    <ClCompile Include="HYScene.cpp">
      <Filter>MainGame\Scene\Stage</Filter>
    </ClCompile>
    <ClCompile Include="LoadingScene.cpp">
      <Filter>MainGame\Scene\Loading</Filter>
    </ClCompile>
    <ClCompile Include="GameObject.cpp">
      <Filter>2D Framework\GameObject</Filter>
    </ClCompile>
    <ClCompile Include="Image.cpp">
      <Filter>2D Framework\Image</Filter>
    </ClCompile>
    <ClCompile Include="ImageManager.cpp">
      <Filter>2D Framework\Image</Filter>
    </ClCompile>
    <ClCompile Include="KeyManager.cpp">
      <Filter>2D Framework\Key</Filter>
    </ClCompile>
    <ClCompile Include="SceneManager.cpp">
      <Filter>2D Framework\Scene</Filter>
    </ClCompile>
    <ClCompile Include="ObjectManager.cpp">
      <Filter>2D Framework\GameObject</Filter>
    </ClCompile>
    <ClCompile Include="RenderManager.cpp">
      <Filter>2D Framework\Render</Filter>
    </ClCompile>
    <ClCompile Include="GPImage.cpp">
      <Filter>2D Framework\Image</Filter>
    </ClCompile>
    <ClCompile Include="MainGame.cpp">
      <Filter>MainGame</Filter>
    </ClCompile>
    <ClCompile Include="TaeKyungObject.cpp">
      <Filter>MainGame\TaeKyung</Filter>
    </ClCompile>
    <ClCompile Include="Scene.cpp">
      <Filter>MainGame\Scene</Filter>
    </ClCompile>
    <ClCompile Include="Background.cpp">
      <Filter>MainGame\Background</Filter>
    </ClCompile>
    <ClCompile Include="Collider.cpp">
      <Filter>2D Framework\Collision</Filter>
    </ClCompile>
    <ClCompile Include="CollisionManager.cpp">
      <Filter>2D Framework\Collision</Filter>
    </ClCompile>
    <ClCompile Include="ScrollManager.cpp">
      <Filter>2D Framework\Scroll</Filter>
    </ClCompile>
    <ClCompile Include="TestObject.cpp">
      <Filter>MainGame\TaeKyung</Filter>
    </ClCompile>
    <ClCompile Include="TimeLineBuffer.cpp">
      <Filter>2D Framework\SnapShot</Filter>
    </ClCompile>
    <ClCompile Include="SnapShotManager.cpp">
      <Filter>2D Framework\SnapShot</Filter>
    </ClCompile>
    <ClCompile Include="ChatManager.cpp">
      <Filter>2D Framework\UI</Filter>
    </ClCompile>
    <ClCompile Include="SoundManager.cpp">
      <Filter>2D Framework\Sound</Filter>
    </ClCompile>
    <ClCompile Include="EffectManager.cpp">
      <Filter>2D Framework\Effect</Filter>
    </ClCompile>
    <ClCompile Include="ScreenEffectManager.cpp">
      <Filter>2D Framework\Effect\ScreenEffect</Filter>
    </ClCompile>
    <ClCompile Include="Pawn.cpp">
      <Filter>2D Framework\GameObject</Filter>
    </ClCompile>
    <ClCompile Include="Line.cpp">
      <Filter>2D Framework\Line</Filter>
    </ClCompile>
    <ClCompile Include="LineManager.cpp">
      <Filter>2D Framework\Line</Filter>
    </ClCompile>
    <ClCompile Include="MapTool.cpp">
      <Filter>MainGame\Scene\MapTool</Filter>
    </ClCompile>
    <ClCompile Include="ImGuiManager.cpp">
      <Filter>2D Framework\ImGui</Filter>
    </ClCompile>
    <ClCompile Include="Reference\Headers\Imgui\imgui.cpp">
      <Filter>2D Framework\ImGui\Default</Filter>
    </ClCompile>
    <ClCompile Include="Reference\Headers\Imgui\imgui_demo.cpp">
      <Filter>2D Framework\ImGui\Default</Filter>
    </ClCompile>
    <ClCompile Include="Reference\Headers\Imgui\imgui_draw.cpp">
      <Filter>2D Framework\ImGui\Default</Filter>
    </ClCompile>
    <ClCompile Include="Reference\Headers\Imgui\imgui_impl_win32.cpp">
      <Filter>2D Framework\ImGui\Default</Filter>
    </ClCompile>
    <ClCompile Include="Reference\Headers\Imgui\imgui_tables.cpp">
      <Filter>2D Framework\ImGui\Default</Filter>
    </ClCompile>
    <ClCompile Include="Reference\Headers\Imgui\imgui_widgets.cpp">
      <Filter>2D Framework\ImGui\Default</Filter>
    </ClCompile>
    <ClCompile Include="Reference\Headers\Imgui\imgui_impl_dx11.cpp">
      <Filter>2D Framework\ImGui\Default</Filter>
    </ClCompile>
    <ClCompile Include="Effect.cpp">
      <Filter>2D Framework\Effect</Filter>
    </ClCompile>
    <ClCompile Include="HeadHunter.cpp">
      <Filter>MainGame\Enemy\HeadHunter</Filter>
    </ClCompile>
    <ClCompile Include="Bomb.cpp">
      <Filter>MainGame\Enemy\Weapon</Filter>
    </ClCompile>
    <ClCompile Include="Bullet.cpp">
      <Filter>MainGame\Enemy\Weapon</Filter>
    </ClCompile>
    <ClCompile Include="Lazer.cpp">
      <Filter>MainGame\Enemy\Weapon</Filter>
    </ClCompile>
    <ClCompile Include="Player.cpp">
      <Filter>MainGame\Player</Filter>
    </ClCompile>
    <ClCompile Include="PlayerController.cpp">
      <Filter>MainGame\Player</Filter>
    </ClCompile>
    <ClCompile Include="InputManager.cpp">
      <Filter>2D Framework\Input</Filter>
    </ClCompile>
    <ClCompile Include="PlayerInput.cpp">
      <Filter>MainGame\Player</Filter>
    </ClCompile>
    <ClCompile Include="RigidBody.cpp">
      <Filter>2D Framework\Physics</Filter>
    </ClCompile>
    <ClCompile Include="SimpleTestObject.cpp">
      <Filter>MainGame\TaeKyung\Physics</Filter>
    </ClCompile>
    <ClCompile Include="EnemyState.cpp">
      <Filter>MainGame\Enemy\EnemyState</Filter>
    </ClCompile>
    <ClCompile Include="Enemy.cpp">
      <Filter>MainGame\Enemy</Filter>
    </ClCompile>
    <ClCompile Include="Enemies.cpp">
      <Filter>MainGame\Enemy\Enemies</Filter>
    </ClCompile>
    <ClCompile Include="Animation.cpp">
      <Filter>2D Framework\UI</Filter>
    </ClCompile>
    <ClCompile Include="UIGame.cpp">
      <Filter>2D Framework\UI</Filter>
    </ClCompile>
    <ClCompile Include="Observer.cpp">
      <Filter>2D Framework\Observer</Filter>
    </ClCompile>
    <ClCompile Include="Subject.cpp">
      <Filter>2D Framework\Observer</Filter>
    </ClCompile>
    <ClCompile Include="PopUpManager.cpp">
      <Filter>2D Framework\UI</Filter>
    </ClCompile>
    <ClCompile Include="HomeScene.cpp">
      <Filter>MainGame\Scene</Filter>
    </ClCompile>
    <ClCompile Include="GoPopUp.cpp">
      <Filter>2D Framework\UI</Filter>
    </ClCompile>
    <ClCompile Include="SimpleObject.cpp">
      <Filter>MainGame\TaeKyung\Physics</Filter>
    </ClCompile>
    <ClCompile Include="PlayerAnim.cpp">
      <Filter>MainGame\Player</Filter>
    </ClCompile>
    <ClCompile Include="SpriteAnimator.cpp">
      <Filter>2D Framework\Animator</Filter>
    </ClCompile>
    <ClCompile Include="AttackState.cpp">
      <Filter>MainGame\Player\PlayerState</Filter>
    </ClCompile>
    <ClCompile Include="IdleState.cpp">
      <Filter>MainGame\Player\PlayerState</Filter>
    </ClCompile>
    <ClCompile Include="FallState.cpp">
      <Filter>MainGame\Player\PlayerState</Filter>
    </ClCompile>
    <ClCompile Include="RunState.cpp">
      <Filter>MainGame\Player\PlayerState</Filter>
    </ClCompile>
    <ClCompile Include="JumpState.cpp">
      <Filter>MainGame\Player\PlayerState</Filter>
    </ClCompile>
    <ClCompile Include="FlipState.cpp">
      <Filter>MainGame\Player\PlayerState</Filter>
    </ClCompile>
    <ClCompile Include="WallSlideState.cpp">
      <Filter>MainGame\Player\PlayerState</Filter>
    </ClCompile>
    <ClCompile Include="TestScene.cpp">
      <Filter>MainGame\Scene\Stage\Test</Filter>
    </ClCompile>
    <ClCompile Include="UIGame.cpp">
      <Filter>2D Framework\UI</Filter>
    </ClCompile>
    <ClCompile Include="Animation.cpp">
      <Filter>2D Framework\UI</Filter>
    </ClCompile>
    <ClCompile Include="TalkScene.cpp">
      <Filter>MainGame\Scene</Filter>
    </ClCompile>
    <ClCompile Include="Animation.cpp">
      <Filter>2D Framework\UI</Filter>
    </ClCompile>
    <ClCompile Include="DefaultObject.cpp">
      <Filter>MainGame\TaeKyung\Default</Filter>
    </ClCompile>
    <ClCompile Include="UIGame.cpp">
      <Filter>2D Framework\UI</Filter>
    </ClCompile>
    <ClCompile Include="GPImageManager.cpp">
      <Filter>2D Framework\Image</Filter>
    </ClCompile>
    <ClCompile Include="ReplayObjects.cpp">
      <Filter>2D Framework\SnapShot</Filter>
    </ClCompile>
    <ClCompile Include="ScenePsych.cpp" />
    <ClCompile Include="ScenePlayer.cpp" />
    <ClCompile Include="Stage1Scene.cpp">
      <Filter>MainGame\Scene\Stage</Filter>
    </ClCompile>
    <ClCompile Include="WorldBackground.cpp">
      <Filter>MainGame\Background</Filter>
    </ClCompile>
    <ClCompile Include="Tile.cpp">
      <Filter>MainGame\Tile</Filter>
    </ClCompile>
    <ClCompile Include="GoalTrigger.cpp">
      <Filter>MainGame\Trigger</Filter>
    </ClCompile>
    <ClCompile Include="ScenePsych.cpp">
      <Filter>MainGame\Scene</Filter>
    </ClCompile>
    <ClCompile Include="ScenePlayer.cpp">
      <Filter>MainGame\Scene</Filter>
    </ClCompile>
    <ClCompile Include="Turret.cpp">
      <Filter>MainGame\Enemy\Weapon</Filter>
    </ClCompile>
    <ClCompile Include="PickUp.cpp">
      <Filter>MainGame\PickUp</Filter>
    </ClCompile>
    <ClCompile Include="PickUpHand.cpp">
      <Filter>MainGame\PickUp</Filter>
    </ClCompile>
    <ClCompile Include="PickUpUI.cpp">
      <Filter>MainGame\PickUp</Filter>
    </ClCompile>
    <ClCompile Include="Broken.cpp">
      <Filter>MainGame\Broken</Filter>
    </ClCompile>
    <ClCompile Include="ParticleEffect.cpp" />
    <ClCompile Include="main.cpp" />
    <ClCompile Include="ArrowUI.cpp">
      <Filter>MainGame\UI\Arrow</Filter>
    </ClCompile>
    <ClCompile Include="HiddenScene.cpp">
      <Filter>MainGame\Scene\Stage\Hidden</Filter>
    </ClCompile>
    <ClCompile Include="HiddenBoss.cpp">
      <Filter>MainGame\Enemy\Hidden</Filter>
    </ClCompile>
    <ClCompile Include="NormalParts.cpp">
      <Filter>MainGame\Enemy\Hidden</Filter>
    </ClCompile>
    <ClCompile Include="ArmAttack.cpp">
      <Filter>MainGame\Enemy\Hidden</Filter>
    </ClCompile>
    <ClCompile Include="DeadState.cpp" />
    <ClCompile Include="Portal.cpp">
      <Filter>MainGame\Enemy\Hidden\Portal</Filter>
    </ClCompile>
    <ClCompile Include="Syringe.cpp">
      <Filter>MainGame\Enemy\Hidden\Syringe</Filter>
    </ClCompile>
    <ClCompile Include="BossWeak.cpp">
      <Filter>MainGame\Enemy\Hidden\Weak</Filter>
    </ClCompile>
    <ClCompile Include="DeadState.cpp" />
    <ClCompile Include="BossScene.cpp" />
    <ClCompile Include="PickUp.cpp" />
    <ClCompile Include="BTPlayer.cpp">
      <Filter>MainGame\Jiun</Filter>
    </ClCompile>
  </ItemGroup>
  <ItemGroup>
    <ClInclude Include="MainGame.h">
      <Filter>MainGame</Filter>
    </ClInclude>
    <ClInclude Include="Singleton.h">
      <Filter>2D Framework</Filter>
    </ClInclude>
    <ClInclude Include="Timer.h">
      <Filter>2D Framework\Timer</Filter>
    </ClInclude>
    <ClInclude Include="TimerManager.h">
      <Filter>2D Framework\Timer</Filter>
    </ClInclude>
    <ClInclude Include="Button.h">
      <Filter>2D Framework\UI\Button</Filter>
    </ClInclude>
    <ClInclude Include="HYScene.h">
      <Filter>MainGame\Scene\Stage</Filter>
    </ClInclude>
    <ClInclude Include="LoadingScene.h">
      <Filter>MainGame\Scene\Loading</Filter>
    </ClInclude>
    <ClInclude Include="GameObject.h">
      <Filter>2D Framework\GameObject</Filter>
    </ClInclude>
    <ClInclude Include="Image.h">
      <Filter>2D Framework\Image</Filter>
    </ClInclude>
    <ClInclude Include="ImageManager.h">
      <Filter>2D Framework\Image</Filter>
    </ClInclude>
    <ClInclude Include="KeyManager.h">
      <Filter>2D Framework\Key</Filter>
    </ClInclude>
    <ClInclude Include="SceneManager.h">
      <Filter>2D Framework\Scene</Filter>
    </ClInclude>
    <ClInclude Include="ObjectManager.h">
      <Filter>2D Framework\GameObject</Filter>
    </ClInclude>
    <ClInclude Include="RenderManager.h">
      <Filter>2D Framework\Render</Filter>
    </ClInclude>
    <ClInclude Include="GPImage.h">
      <Filter>2D Framework\Image</Filter>
    </ClInclude>
    <ClInclude Include="TaeKyungObject.h">
      <Filter>MainGame\TaeKyung</Filter>
    </ClInclude>
    <ClInclude Include="Scene.h">
      <Filter>MainGame\Scene</Filter>
    </ClInclude>
    <ClInclude Include="Background.h">
      <Filter>MainGame\Background</Filter>
    </ClInclude>
    <ClInclude Include="Collider.h">
      <Filter>2D Framework\Collision</Filter>
    </ClInclude>
    <ClInclude Include="CollisionManager.h">
      <Filter>2D Framework\Collision</Filter>
    </ClInclude>
    <ClInclude Include="ScrollManager.h">
      <Filter>2D Framework\Scroll</Filter>
    </ClInclude>
    <ClInclude Include="TestObject.h">
      <Filter>MainGame\TaeKyung</Filter>
    </ClInclude>
    <ClInclude Include="TimeLineBuffer.h">
      <Filter>2D Framework\SnapShot</Filter>
    </ClInclude>
    <ClInclude Include="SnapShotManager.h">
      <Filter>2D Framework\SnapShot</Filter>
    </ClInclude>
    <ClInclude Include="ChatManager.h">
      <Filter>2D Framework\UI</Filter>
    </ClInclude>
    <ClInclude Include="SoundManager.h">
      <Filter>2D Framework\Sound</Filter>
    </ClInclude>
    <ClInclude Include="SnapShot.h">
      <Filter>2D Framework\SnapShot</Filter>
    </ClInclude>
    <ClInclude Include="EffectManager.h">
      <Filter>2D Framework\Effect</Filter>
    </ClInclude>
    <ClInclude Include="ScreenEffectManager.h">
      <Filter>2D Framework\Effect\ScreenEffect</Filter>
    </ClInclude>
    <ClInclude Include="Pawn.h">
      <Filter>2D Framework\GameObject</Filter>
    </ClInclude>
    <ClInclude Include="Line.h">
      <Filter>2D Framework\Line</Filter>
    </ClInclude>
    <ClInclude Include="LineManager.h">
      <Filter>2D Framework\Line</Filter>
    </ClInclude>
    <ClInclude Include="MapTool.h">
      <Filter>MainGame\Scene\MapTool</Filter>
    </ClInclude>
    <ClInclude Include="ImGuiManager.h">
      <Filter>2D Framework\ImGui</Filter>
    </ClInclude>
    <ClInclude Include="Reference\Headers\Imgui\imconfig.h">
      <Filter>2D Framework\ImGui\Default</Filter>
    </ClInclude>
    <ClInclude Include="Reference\Headers\Imgui\imgui.h">
      <Filter>2D Framework\ImGui\Default</Filter>
    </ClInclude>
    <ClInclude Include="Reference\Headers\Imgui\imgui_impl_win32.h">
      <Filter>2D Framework\ImGui\Default</Filter>
    </ClInclude>
    <ClInclude Include="Reference\Headers\Imgui\imgui_internal.h">
      <Filter>2D Framework\ImGui\Default</Filter>
    </ClInclude>
    <ClInclude Include="Reference\Headers\Imgui\imstb_rectpack.h">
      <Filter>2D Framework\ImGui\Default</Filter>
    </ClInclude>
    <ClInclude Include="Reference\Headers\Imgui\imstb_textedit.h">
      <Filter>2D Framework\ImGui\Default</Filter>
    </ClInclude>
    <ClInclude Include="Reference\Headers\Imgui\imstb_truetype.h">
      <Filter>2D Framework\ImGui\Default</Filter>
    </ClInclude>
    <ClInclude Include="Reference\Headers\Imgui\imgui_impl_dx11.h">
      <Filter>2D Framework\ImGui\Default</Filter>
    </ClInclude>
    <ClInclude Include="Effect.h">
      <Filter>2D Framework\Effect</Filter>
    </ClInclude>
    <ClInclude Include="HeadHunter.h">
      <Filter>MainGame\Enemy\HeadHunter</Filter>
    </ClInclude>
    <ClInclude Include="Bomb.h">
      <Filter>MainGame\Enemy\Weapon</Filter>
    </ClInclude>
    <ClInclude Include="Bullet.h">
      <Filter>MainGame\Enemy\Weapon</Filter>
    </ClInclude>
    <ClInclude Include="Lazer.h">
      <Filter>MainGame\Enemy\Weapon</Filter>
    </ClInclude>
    <ClInclude Include="Player.h">
      <Filter>MainGame\Player</Filter>
    </ClInclude>
    <ClInclude Include="PlayerController.h">
      <Filter>MainGame\Player</Filter>
    </ClInclude>
    <ClInclude Include="InputManager.h">
      <Filter>2D Framework\Input</Filter>
    </ClInclude>
    <ClInclude Include="PlayerInput.h">
      <Filter>MainGame\Player</Filter>
    </ClInclude>
    <ClInclude Include="json.hpp">
      <Filter>2D Framework\UI</Filter>
    </ClInclude>
    <ClInclude Include="SpriteAnimator.h">
      <Filter>2D Framework\Animator</Filter>
    </ClInclude>
    <ClInclude Include="json.hpp">
      <Filter>2D Framework\UI</Filter>
    </ClInclude>
    <ClInclude Include="SimpleObject.h">
      <Filter>MainGame\TaeKyung\Physics</Filter>
    </ClInclude>
    <ClInclude Include="SimpleTestObject.h">
      <Filter>MainGame\TaeKyung\Physics</Filter>
    </ClInclude>
    <ClInclude Include="EnemyState.h">
      <Filter>MainGame\Enemy\EnemyState</Filter>
    </ClInclude>
    <ClInclude Include="Enemy.h">
      <Filter>MainGame\Enemy</Filter>
    </ClInclude>
    <ClInclude Include="Enemies.h">
      <Filter>MainGame\Enemy\Enemies</Filter>
    </ClInclude>
    <ClInclude Include="Animation.h">
      <Filter>2D Framework\UI</Filter>
    </ClInclude>
    <ClInclude Include="UIGame.h">
      <Filter>2D Framework\UI</Filter>
    </ClInclude>
    <ClInclude Include="Observer.h">
      <Filter>2D Framework\Observer</Filter>
    </ClInclude>
    <ClInclude Include="Subject.h">
      <Filter>2D Framework\Observer</Filter>
    </ClInclude>
    <ClInclude Include="PopUpManager.h">
      <Filter>2D Framework\UI</Filter>
    </ClInclude>
    <ClInclude Include="HomeScene.h">
      <Filter>MainGame\Scene</Filter>
    </ClInclude>
    <ClInclude Include="GoPopUp.h">
      <Filter>2D Framework\UI</Filter>
    </ClInclude>
    <ClInclude Include="DefaultObject.h">
      <Filter>MainGame\TaeKyung\Default</Filter>
    </ClInclude>
    <ClInclude Include="TestScene.h">
      <Filter>MainGame\Scene\Stage\Test</Filter>
    </ClInclude>
    <ClInclude Include="PlayerState.h">
      <Filter>MainGame\Player\PlayerState</Filter>
    </ClInclude>
    <ClInclude Include="AttackState.h">
      <Filter>MainGame\Player\PlayerState</Filter>
    </ClInclude>
    <ClInclude Include="IdleState.h">
      <Filter>MainGame\Player\PlayerState</Filter>
    </ClInclude>
    <ClInclude Include="FallState.h">
      <Filter>MainGame\Player\PlayerState</Filter>
    </ClInclude>
    <ClInclude Include="JumpState.h">
      <Filter>MainGame\Player\PlayerState</Filter>
    </ClInclude>
    <ClInclude Include="RunState.h">
      <Filter>MainGame\Player\PlayerState</Filter>
    </ClInclude>
    <ClInclude Include="FlipState.h">
      <Filter>MainGame\Player\PlayerState</Filter>
    </ClInclude>
    <ClInclude Include="WallSlideState.h">
      <Filter>MainGame\Player\PlayerState</Filter>
    </ClInclude>
    <ClInclude Include="PlayerAnim.h">
      <Filter>MainGame\Player</Filter>
    </ClInclude>
    <ClInclude Include="TalkScene.h">
      <Filter>MainGame\Scene</Filter>
    </ClInclude>
    <ClInclude Include="GPImageManager.h">
      <Filter>2D Framework\Image</Filter>
    </ClInclude>
    <ClInclude Include="ReplayObjects.h">
      <Filter>2D Framework\SnapShot</Filter>
    </ClInclude>
    <ClInclude Include="ScenePsych.h" />
    <ClInclude Include="ScenePlayer.h" />
    <ClInclude Include="Stage1Scene.h">
      <Filter>MainGame\Scene\Stage</Filter>
    </ClInclude>
    <ClInclude Include="WorldBackground.h">
      <Filter>MainGame\Background</Filter>
    </ClInclude>
    <ClInclude Include="Reference\Headers\Imgui\stb_image.h">
      <Filter>2D Framework\ImGui\Default</Filter>
    </ClInclude>
    <ClInclude Include="RigidBody.h">
      <Filter>2D Framework\Physics</Filter>
    </ClInclude>
    <ClInclude Include="Tile.h">
      <Filter>MainGame\Tile</Filter>
    </ClInclude>
    <ClInclude Include="GoalTrigger.h">
      <Filter>MainGame\Trigger</Filter>
    </ClInclude>
    <ClInclude Include="ScenePsych.h">
      <Filter>MainGame\Scene</Filter>
    </ClInclude>
    <ClInclude Include="ScenePlayer.h">
      <Filter>MainGame\Scene</Filter>
    </ClInclude>
    <ClInclude Include="Turret.h">
      <Filter>MainGame\Enemy\Weapon</Filter>
    </ClInclude>
    <ClInclude Include="PickUp.h">
      <Filter>MainGame\PickUp</Filter>
    </ClInclude>
    <ClInclude Include="PickUpHand.h">
      <Filter>MainGame\PickUp</Filter>
    </ClInclude>
    <ClInclude Include="PickUpUI.h">
      <Filter>MainGame\PickUp</Filter>
    </ClInclude>
    <ClInclude Include="Broken.h">
      <Filter>MainGame\Broken</Filter>
    </ClInclude>
    <ClInclude Include="Factory.h" />
    <ClInclude Include="ParticleEffect.h" />
    <ClInclude Include="CommonFunction.h" />
    <ClInclude Include="config.h" />
    <ClInclude Include="ArrowUI.h">
      <Filter>MainGame\UI\Arrow</Filter>
    </ClInclude>
    <ClInclude Include="HiddenScene.h">
      <Filter>MainGame\Scene\Stage\Hidden</Filter>
    </ClInclude>
    <ClInclude Include="HiddenBoss.h">
      <Filter>MainGame\Enemy\Hidden</Filter>
    </ClInclude>
    <ClInclude Include="NormalParts.h">
      <Filter>MainGame\Enemy\Hidden</Filter>
    </ClInclude>
    <ClInclude Include="ArmAttack.h">
      <Filter>MainGame\Enemy\Hidden</Filter>
    </ClInclude>
    <ClInclude Include="DeadState.h" />
    <ClInclude Include="Portal.h">
      <Filter>MainGame\Enemy\Hidden\Portal</Filter>
    </ClInclude>
    <ClInclude Include="Syringe.h">
      <Filter>MainGame\Enemy\Hidden\Syringe</Filter>
    </ClInclude>
    <ClInclude Include="BossWeak.h">
      <Filter>MainGame\Enemy\Hidden\Weak</Filter>
    </ClInclude>
    <ClInclude Include="DeadState.h" />
    <ClInclude Include="BossScene.h" />
    <ClInclude Include="PickUp.h" />
    <ClInclude Include="BTPlayer.h">
      <Filter>MainGame\Jiun</Filter>
    </ClInclude>
  </ItemGroup>
</Project>